
Microsoft Visual Studio Solution File, Format Version 12.00
# Visual Studio Version 17
VisualStudioVersion = 17.9.34607.119
MinimumVisualStudioVersion = 10.0.40219.1
Project("{FAE04EC0-301F-11D3-BF4B-00C04F79EFBC}") = "pizzalib", "pizzalib\pizzalib.csproj", "{2FCB885E-2BAA-47B4-8D25-9CF8B15D6562}"
EndProject
Project("{FAE04EC0-301F-11D3-BF4B-00C04F79EFBC}") = "pizzacmd", "pizzacmd\pizzacmd.csproj", "{DA591984-A4F8-46B5-A15C-7F84E7515024}"
EndProject
Project("{FAE04EC0-301F-11D3-BF4B-00C04F79EFBC}") = "pizzaui", "pizzaui\pizzaui.csproj", "{80994598-1AA9-42DD-A5B6-E2A8A3138D62}"
EndProject
Project("{FAE04EC0-301F-11D3-BF4B-00C04F79EFBC}") = "pizzapi", "pizzapi\pizzapi.csproj", "{2814B77E-C02A-45D7-A346-E902F9D0338D}"
EndProject
Global
	GlobalSection(SolutionConfigurationPlatforms) = preSolution
		DEBUG_X64_CUDA|Any CPU = DEBUG_X64_CUDA|Any CPU
		Debug|Any CPU = Debug|Any CPU
		RELEASE_X64_CUDA|Any CPU = RELEASE_X64_CUDA|Any CPU
		Release|Any CPU = Release|Any CPU
	EndGlobalSection
	GlobalSection(ProjectConfigurationPlatforms) = postSolution
		{2FCB885E-2BAA-47B4-8D25-9CF8B15D6562}.DEBUG_X64_CUDA|Any CPU.ActiveCfg = DEBUG_X64_CUDA|Any CPU
		{2FCB885E-2BAA-47B4-8D25-9CF8B15D6562}.DEBUG_X64_CUDA|Any CPU.Build.0 = DEBUG_X64_CUDA|Any CPU
		{2FCB885E-2BAA-47B4-8D25-9CF8B15D6562}.Debug|Any CPU.ActiveCfg = Debug|Any CPU
		{2FCB885E-2BAA-47B4-8D25-9CF8B15D6562}.Debug|Any CPU.Build.0 = Debug|Any CPU
		{2FCB885E-2BAA-47B4-8D25-9CF8B15D6562}.RELEASE_X64_CUDA|Any CPU.ActiveCfg = RELEASE_X64_CUDA|Any CPU
		{2FCB885E-2BAA-47B4-8D25-9CF8B15D6562}.RELEASE_X64_CUDA|Any CPU.Build.0 = RELEASE_X64_CUDA|Any CPU
		{2FCB885E-2BAA-47B4-8D25-9CF8B15D6562}.Release|Any CPU.ActiveCfg = Release|Any CPU
		{2FCB885E-2BAA-47B4-8D25-9CF8B15D6562}.Release|Any CPU.Build.0 = Release|Any CPU
		{DA591984-A4F8-46B5-A15C-7F84E7515024}.DEBUG_X64_CUDA|Any CPU.ActiveCfg = DEBUG_X64_CUDA|Any CPU
		{DA591984-A4F8-46B5-A15C-7F84E7515024}.DEBUG_X64_CUDA|Any CPU.Build.0 = DEBUG_X64_CUDA|Any CPU
		{DA591984-A4F8-46B5-A15C-7F84E7515024}.Debug|Any CPU.ActiveCfg = Debug|Any CPU
		{DA591984-A4F8-46B5-A15C-7F84E7515024}.Debug|Any CPU.Build.0 = Debug|Any CPU
		{DA591984-A4F8-46B5-A15C-7F84E7515024}.RELEASE_X64_CUDA|Any CPU.ActiveCfg = RELEASE_X64_CUDA|Any CPU
		{DA591984-A4F8-46B5-A15C-7F84E7515024}.RELEASE_X64_CUDA|Any CPU.Build.0 = RELEASE_X64_CUDA|Any CPU
		{DA591984-A4F8-46B5-A15C-7F84E7515024}.Release|Any CPU.ActiveCfg = Release|Any CPU
		{DA591984-A4F8-46B5-A15C-7F84E7515024}.Release|Any CPU.Build.0 = Release|Any CPU
		{80994598-1AA9-42DD-A5B6-E2A8A3138D62}.DEBUG_X64_CUDA|Any CPU.ActiveCfg = DEBUG_X64_CUDA|Any CPU
		{80994598-1AA9-42DD-A5B6-E2A8A3138D62}.DEBUG_X64_CUDA|Any CPU.Build.0 = DEBUG_X64_CUDA|Any CPU
		{80994598-1AA9-42DD-A5B6-E2A8A3138D62}.Debug|Any CPU.ActiveCfg = Debug|Any CPU
		{80994598-1AA9-42DD-A5B6-E2A8A3138D62}.Debug|Any CPU.Build.0 = Debug|Any CPU
		{80994598-1AA9-42DD-A5B6-E2A8A3138D62}.RELEASE_X64_CUDA|Any CPU.ActiveCfg = RELEASE_X64_CUDA|Any CPU
		{80994598-1AA9-42DD-A5B6-E2A8A3138D62}.RELEASE_X64_CUDA|Any CPU.Build.0 = RELEASE_X64_CUDA|Any CPU
		{80994598-1AA9-42DD-A5B6-E2A8A3138D62}.Release|Any CPU.ActiveCfg = Release|Any CPU
		{80994598-1AA9-42DD-A5B6-E2A8A3138D62}.Release|Any CPU.Build.0 = Release|Any CPU
		{2814B77E-C02A-45D7-A346-E902F9D0338D}.DEBUG_X64_CUDA|Any CPU.ActiveCfg = DEBUG_X64_CUDA|Any CPU
		{2814B77E-C02A-45D7-A346-E902F9D0338D}.DEBUG_X64_CUDA|Any CPU.Build.0 = DEBUG_X64_CUDA|Any CPU
		{2814B77E-C02A-45D7-A346-E902F9D0338D}.Debug|Any CPU.ActiveCfg = Debug|Any CPU
		{2814B77E-C02A-45D7-A346-E902F9D0338D}.Debug|Any CPU.Build.0 = Debug|Any CPU
		{2814B77E-C02A-45D7-A346-E902F9D0338D}.RELEASE_X64_CUDA|Any CPU.ActiveCfg = RELEASE_X64_CUDA|Any CPU
		{2814B77E-C02A-45D7-A346-E902F9D0338D}.RELEASE_X64_CUDA|Any CPU.Build.0 = RELEASE_X64_CUDA|Any CPU
		{2814B77E-C02A-45D7-A346-E902F9D0338D}.Release|Any CPU.ActiveCfg = Release|Any CPU
		{2814B77E-C02A-45D7-A346-E902F9D0338D}.Release|Any CPU.Build.0 = Release|Any CPU
	EndGlobalSection
	GlobalSection(SolutionProperties) = preSolution
		HideSolutionNode = FALSE
	EndGlobalSection
	GlobalSection(ExtensibilityGlobals) = postSolution
		SolutionGuid = {891A6C74-2F00-4A22-82EF-5B82E288F318}
	EndGlobalSection
EndGlobal
